
Microsoft Visual Studio Solution File, Format Version 12.00
# Visual Studio Version 17
VisualStudioVersion = 17.8.34601.278
MinimumVisualStudioVersion = 10.0.40219.1
Project("{FAE04EC0-301F-11D3-BF4B-00C04F79EFBC}") = "API_Kirish", "API_Kirish\API_Kirish.csproj", "{DAD04F41-12E6-4760-BAEC-D7008530F1F1}"
EndProject
Global
	GlobalSection(SolutionConfigurationPlatforms) = preSolution
		Debug|Any CPU = Debug|Any CPU
		Release|Any CPU = Release|Any CPU
	EndGlobalSection
	GlobalSection(ProjectConfigurationPlatforms) = postSolution
		{DAD04F41-12E6-4760-BAEC-D7008530F1F1}.Debug|Any CPU.ActiveCfg = Debug|Any CPU
		{DAD04F41-12E6-4760-BAEC-D7008530F1F1}.Debug|Any CPU.Build.0 = Debug|Any CPU
		{DAD04F41-12E6-4760-BAEC-D7008530F1F1}.Release|Any CPU.ActiveCfg = Release|Any CPU
		{DAD04F41-12E6-4760-BAEC-D7008530F1F1}.Release|Any CPU.Build.0 = Release|Any CPU
	EndGlobalSection
	GlobalSection(SolutionProperties) = preSolution
		HideSolutionNode = FALSE
	EndGlobalSection
	GlobalSection(ExtensibilityGlobals) = postSolution
		SolutionGuid = {03275F6F-6022-4B0B-9840-127B6CE2F85C}
	EndGlobalSection
EndGlobal
